
Microsoft Visual Studio Solution File, Format Version 12.00
# Visual Studio Version 16
VisualStudioVersion = 16.0.31829.152
MinimumVisualStudioVersion = 10.0.40219.1
Project("{FAE04EC0-301F-11D3-BF4B-00C04F79EFBC}") = "source", "source\source.csproj", "{DBACC72C-F675-47C7-960E-AA0B1EC6474F}"
EndProject
Global
	GlobalSection(SolutionConfigurationPlatforms) = preSolution
		Debug|Any CPU = Debug|Any CPU
		Release|Any CPU = Release|Any CPU
	EndGlobalSection
	GlobalSection(ProjectConfigurationPlatforms) = postSolution
		{DBACC72C-F675-47C7-960E-AA0B1EC6474F}.Debug|Any CPU.ActiveCfg = Debug|Any CPU
		{DBACC72C-F675-47C7-960E-AA0B1EC6474F}.Debug|Any CPU.Build.0 = Debug|Any CPU
		{DBACC72C-F675-47C7-960E-AA0B1EC6474F}.Release|Any CPU.ActiveCfg = Release|Any CPU
		{DBACC72C-F675-47C7-960E-AA0B1EC6474F}.Release|Any CPU.Build.0 = Release|Any CPU
	EndGlobalSection
	GlobalSection(SolutionProperties) = preSolution
		HideSolutionNode = FALSE
	EndGlobalSection
	GlobalSection(ExtensibilityGlobals) = postSolution
		SolutionGuid = {B845BDA2-1A6A-4924-9A6D-0B6F7FF233B9}
	EndGlobalSection
EndGlobal
